---
- !ruby/struct:VCR::HTTPInteraction
  request: !ruby/struct:VCR::Request
    method: :post
    uri: http://plugin.getexceptional.com:80/api/errors?api_key=YOUR-API-KEY-YERE-a508c1bb4d013ad68c9d4bf707dc24b3eebfc4f7&hash=7de9ecbacc52a7b0a526098041646e5e&protocol_version=5
    body: !binary |-
      eAGtVm1zm0YQ/isavuSDDQfIVmw+FUlIViMkRaAkTtO5OeAkEQPH3IEiNfV/
      7y56beJ20kxnPLb3bl+fe3aXr1qcpbyoNOerVrCca4624hXfxrysUlGwTF/x
      XLvWNlwqkOHaNkyjbcNRKUUlYpHR093t87XGyjJLY4bGlBebVIoiP/j/m6gl
      fMMzUTaX1xrcYQrdxaQ/9mh3NKEzN3yAcGShIDRhkhFDbnIC6Sgi62inW8a9
      YeuldWf+smRptmSq2t9GdZFkXIKCaVi3JEoLsj+CpIeef/QMUixyAxPmxme2
      YcbnTe6LBDE4gHJ9TOhnkgH/lPYGdBF4cxp6H0LqTXrT/mgyhADm1hrcOqZz
      b4HaeDqcuL4Hx1AmyL+671w6HnXn7vzxmC1xz8AqMgcA/LTgumW+NuyOhVWQ
      nigqgBpuuRK1jLkiv0JZDgl2quI5GaeRZHJHZjLdsIoPJLz3FyGf9moX/ses
      LuI1l8byqHJ2CenNF91HyO5/eZwsjZwfKE1GpOKqSosVKVkVrwm8XC6KnzKN
      kgSKCIIH6i7CBxpMe2+wlCovSdYUrt+v398/DgEvgK0A9oG6/0ixbPowbd7p
      W1YCIVOA+xtegh3SlUN3aUeKYugHbzzGkA0zmVrDWejP+qM5Hm6YJEuRJch6
      sYSfvl98Nt8OQ/ZhfOV/vHn7esYXV1dX4YjoYV7qBD16vcV8FD4GXhCMppNR
      HxzZN/dx3IHLn+Eupub8WJEvqr7YpatMRCx7Ub8JVyu5vzxJqvkPf0MddDid
      DmE4DEfjPjzGJBz5Hh3MoXHeT+dvqNsNpuNF6DUNQxHJI9+HQqwyTi74Pkyz
      5Exu8I1j4R+e9sVSLl6zN/V9d9Kn/rSPHVwX6dY2zTY47Y+C2dh9xFQuyPXH
      +9W9aRIhV8bWMUEt9Fy/B49H5+4bDwubwLw4eEsTjgMBRwi42U8H5OF0FoKs
      y8OoI8CxugTF7wdayNQTqHabmZhAk4PWd5XCGbY/p7M6CuqIBiJ+4hWd8wJo
      +E3+ycbuujUMhObuNCEBwcFojAiQdyKrc+iGRIoyElvSP/yFiU/ynVAE0aPN
      vB7yfJlmHOLDbKfYPlRVEtoc/HzfTC8iBdj0zzQIwNCRquSxBstoLRT2nt+d
      6UHQ1e0bM9LbRiZilmHIuqBM0RoWDCjtwYU5elpfUoiKJqnkcSXkDlT+Q2Xg
      PmPFqmYrXCdYysXJeWNqzRJr4RJr2aZl6aatW3et7V2Hdm70hMkvaWGZxmsD
      iXKaxuARvTXjHMYOzQRLeIL7U7InjGfiagQVFlfphqu6LIVEIGyjbVjnC6hM
      SLC7OE8SyZViEbwJHtsGTpBINZvfQuuDSPkWHZ6OauioBsY2LF1M9sDMRgfX
      MBzFksXIRRCNO5APIvpAi4uPjib24TPjRJbGstOorkVZQc20EFW6TJu4tnFj
      WJgdrIWVaMLus92TYZ8qll6lOZRdNt7aBua1ifH9LQOAxjy+8CgH/jdHHeNG
      ewYinXJDkE8CjTOmFCgOgNAD+P5wHE9KIecc8eYSxPOH1OEOM0SEG14c7Voc
      zVpp0VJpjp8juxwJGgFeFaAEb/GblquV7n4q/mz5qVLQIa0Ny2reai3BsFrz
      1hPftV6xYgd/qfXK+FSgQfcHDexXhvb7tSbiuJaSJ5Q1bGkI2dFtK7Rtx7x1
      btsfsauAIXHNaQR9BCidvhv/tZjn578AU7dUqA==
    headers: !!null 
  response: !ruby/struct:VCR::Response
    status: !ruby/struct:VCR::ResponseStatus
      code: 200
      message: OK
    headers:
      server:
      - nginx/0.7.67
      date:
      - Tue, 21 Jun 2011 22:05:54 GMT
      content-type:
      - text/html
      content-length:
      - '0'
    body: !!null 
    http_version: '1.1'
